// !$*UTF8*$!
{
	archiveVersion = 1;
	classes = {
	};
	objectVersion = 46;
	objects = {

/* Begin PBXBuildFile section */
		17AF62028F114A667DA4226E /* libPods.a in Frameworks */ = {isa = PBXBuildFile; fileRef = 78CE24208486EB7806E7E21D /* libPods.a */; };
		D105F04B1CEDBC5100185AE8 /* SYASubTagViewController.m in Sources */ = {isa = PBXBuildFile; fileRef = D105F04A1CEDBC5100185AE8 /* SYASubTagViewController.m */; };
		D105F04E1CEDBEC400185AE8 /* SYASubTagItem.m in Sources */ = {isa = PBXBuildFile; fileRef = D105F04D1CEDBEC400185AE8 /* SYASubTagItem.m */; };
		D105F0521CEDCD2C00185AE8 /* SYASubTagCell.m in Sources */ = {isa = PBXBuildFile; fileRef = D105F0501CEDCD2C00185AE8 /* SYASubTagCell.m */; };
		D105F0531CEDCD2C00185AE8 /* SYASubTagCell.xib in Resources */ = {isa = PBXBuildFile; fileRef = D105F0511CEDCD2C00185AE8 /* SYASubTagCell.xib */; };
		D105F0561CEDD7D900185AE8 /* UIColor+Hex.m in Sources */ = {isa = PBXBuildFile; fileRef = D105F0551CEDD7D900185AE8 /* UIColor+Hex.m */; };
		D15611831CEB0B1100BA83BC /* AppDelegate.m in Sources */ = {isa = PBXBuildFile; fileRef = D156117B1CEB0B1100BA83BC /* AppDelegate.m */; };
		D15611841CEB0B1100BA83BC /* main.m in Sources */ = {isa = PBXBuildFile; fileRef = D156117D1CEB0B1100BA83BC /* main.m */; };
		D15611871CEB0BA600BA83BC /* SYAEssenceViewController.m in Sources */ = {isa = PBXBuildFile; fileRef = D15611861CEB0BA600BA83BC /* SYAEssenceViewController.m */; };
		D156118A1CEB0BBB00BA83BC /* SYAFriendTrendViewController.m in Sources */ = {isa = PBXBuildFile; fileRef = D15611891CEB0BBB00BA83BC /* SYAFriendTrendViewController.m */; };
		D156118D1CEB0BCA00BA83BC /* SYAMeViewController.m in Sources */ = {isa = PBXBuildFile; fileRef = D156118C1CEB0BCA00BA83BC /* SYAMeViewController.m */; };
		D15611901CEB0BD900BA83BC /* SYANewViewController.m in Sources */ = {isa = PBXBuildFile; fileRef = D156118F1CEB0BD900BA83BC /* SYANewViewController.m */; };
		D15611931CEB0BFA00BA83BC /* SYAPublishViewController.m in Sources */ = {isa = PBXBuildFile; fileRef = D15611921CEB0BFA00BA83BC /* SYAPublishViewController.m */; };
		D15611961CEB0C2400BA83BC /* SYAMainViewController.m in Sources */ = {isa = PBXBuildFile; fileRef = D15611951CEB0C2400BA83BC /* SYAMainViewController.m */; };
		D15611991CEB0F1600BA83BC /* SYANavViewController.m in Sources */ = {isa = PBXBuildFile; fileRef = D15611981CEB0F1600BA83BC /* SYANavViewController.m */; };
		D156119C1CEB159E00BA83BC /* UIImage+SYAImage.m in Sources */ = {isa = PBXBuildFile; fileRef = D156119B1CEB159E00BA83BC /* UIImage+SYAImage.m */; };
		D156119F1CEB1A7800BA83BC /* SYATabBar.m in Sources */ = {isa = PBXBuildFile; fileRef = D156119E1CEB1A7800BA83BC /* SYATabBar.m */; };
		D15611A31CEB1EFB00BA83BC /* UIView+SYAFrame.m in Sources */ = {isa = PBXBuildFile; fileRef = D15611A21CEB1EFB00BA83BC /* UIView+SYAFrame.m */; };
		D15611A61CEB3A1300BA83BC /* UIBarButtonItem+SYABarButtonItem.m in Sources */ = {isa = PBXBuildFile; fileRef = D15611A51CEB3A1300BA83BC /* UIBarButtonItem+SYABarButtonItem.m */; };
		D15611AD1CEB501800BA83BC /* SYASettingViewController.m in Sources */ = {isa = PBXBuildFile; fileRef = D15611AC1CEB501800BA83BC /* SYASettingViewController.m */; };
		D16BDA4D1CE6EE59004BD6B8 /* Assets.xcassets in Resources */ = {isa = PBXBuildFile; fileRef = D16BDA4C1CE6EE59004BD6B8 /* Assets.xcassets */; };
		D16BDA501CE6EE59004BD6B8 /* LaunchScreen.storyboard in Resources */ = {isa = PBXBuildFile; fileRef = D16BDA4E1CE6EE59004BD6B8 /* LaunchScreen.storyboard */; };
		D1B6B6EF1CECAE140073147B /* LaunchImage-568h@2x.png in Resources */ = {isa = PBXBuildFile; fileRef = D1B6B6E61CECAE130073147B /* LaunchImage-568h@2x.png */; };
		D1B6B6F01CECAE140073147B /* LaunchImage-700-568h@2x.png in Resources */ = {isa = PBXBuildFile; fileRef = D1B6B6E71CECAE130073147B /* LaunchImage-700-568h@2x.png */; };
		D1B6B6F11CECAE140073147B /* LaunchImage-700@2x.png in Resources */ = {isa = PBXBuildFile; fileRef = D1B6B6E81CECAE130073147B /* LaunchImage-700@2x.png */; };
		D1B6B6F21CECAE140073147B /* LaunchImage-800-667h@2x.png in Resources */ = {isa = PBXBuildFile; fileRef = D1B6B6E91CECAE130073147B /* LaunchImage-800-667h@2x.png */; };
		D1B6B6F31CECAE140073147B /* LaunchImage-800-Portrait-736h@3x.png in Resources */ = {isa = PBXBuildFile; fileRef = D1B6B6EA1CECAE130073147B /* LaunchImage-800-Portrait-736h@3x.png */; };
		D1B6B6F41CECAE140073147B /* LaunchImage.png in Resources */ = {isa = PBXBuildFile; fileRef = D1B6B6EB1CECAE130073147B /* LaunchImage.png */; };
		D1B6B6F51CECAE140073147B /* LaunchImage@2x.png in Resources */ = {isa = PBXBuildFile; fileRef = D1B6B6EC1CECAE130073147B /* LaunchImage@2x.png */; };
		D1B6B6F91CECAE3A0073147B /* SYAADViewController.m in Sources */ = {isa = PBXBuildFile; fileRef = D1B6B6F71CECAE3A0073147B /* SYAADViewController.m */; };
		D1B6B6FA1CECAE3A0073147B /* SYAADViewController.xib in Resources */ = {isa = PBXBuildFile; fileRef = D1B6B6F81CECAE3A0073147B /* SYAADViewController.xib */; };
		D1DB83D91CECB86B000B8308 /* SYANetWorkTool.m in Sources */ = {isa = PBXBuildFile; fileRef = D1DB83D81CECB86B000B8308 /* SYANetWorkTool.m */; };
		D1DB83DC1CECC07E000B8308 /* SYAADItem.m in Sources */ = {isa = PBXBuildFile; fileRef = D1DB83DB1CECC07E000B8308 /* SYAADItem.m */; };
/* End PBXBuildFile section */

/* Begin PBXFileReference section */
		3BFACED1F87781CC4930CD34 /* Pods.debug.xcconfig */ = {isa = PBXFileReference; includeInIndex = 1; lastKnownFileType = text.xcconfig; name = Pods.debug.xcconfig; path = "Pods/Target Support Files/Pods/Pods.debug.xcconfig"; sourceTree = "<group>"; };
		78CE24208486EB7806E7E21D /* libPods.a */ = {isa = PBXFileReference; explicitFileType = archive.ar; includeInIndex = 0; path = libPods.a; sourceTree = BUILT_PRODUCTS_DIR; };
		D105F0491CEDBC5100185AE8 /* SYASubTagViewController.h */ = {isa = PBXFileReference; fileEncoding = 4; lastKnownFileType = sourcecode.c.h; path = SYASubTagViewController.h; sourceTree = "<group>"; };
		D105F04A1CEDBC5100185AE8 /* SYASubTagViewController.m */ = {isa = PBXFileReference; fileEncoding = 4; lastKnownFileType = sourcecode.c.objc; path = SYASubTagViewController.m; sourceTree = "<group>"; };
		D105F04C1CEDBEC400185AE8 /* SYASubTagItem.h */ = {isa = PBXFileReference; fileEncoding = 4; lastKnownFileType = sourcecode.c.h; path = SYASubTagItem.h; sourceTree = "<group>"; };
		D105F04D1CEDBEC400185AE8 /* SYASubTagItem.m */ = {isa = PBXFileReference; fileEncoding = 4; lastKnownFileType = sourcecode.c.objc; path = SYASubTagItem.m; sourceTree = "<group>"; };
		D105F04F1CEDCD2C00185AE8 /* SYASubTagCell.h */ = {isa = PBXFileReference; fileEncoding = 4; lastKnownFileType = sourcecode.c.h; path = SYASubTagCell.h; sourceTree = "<group>"; };
		D105F0501CEDCD2C00185AE8 /* SYASubTagCell.m */ = {isa = PBXFileReference; fileEncoding = 4; lastKnownFileType = sourcecode.c.objc; path = SYASubTagCell.m; sourceTree = "<group>"; };
		D105F0511CEDCD2C00185AE8 /* SYASubTagCell.xib */ = {isa = PBXFileReference; fileEncoding = 4; lastKnownFileType = file.xib; path = SYASubTagCell.xib; sourceTree = "<group>"; };
		D105F0541CEDD7D900185AE8 /* UIColor+Hex.h */ = {isa = PBXFileReference; fileEncoding = 4; lastKnownFileType = sourcecode.c.h; path = "UIColor+Hex.h"; sourceTree = "<group>"; };
		D105F0551CEDD7D900185AE8 /* UIColor+Hex.m */ = {isa = PBXFileReference; fileEncoding = 4; lastKnownFileType = sourcecode.c.objc; path = "UIColor+Hex.m"; sourceTree = "<group>"; };
		D156117A1CEB0B1100BA83BC /* AppDelegate.h */ = {isa = PBXFileReference; fileEncoding = 4; lastKnownFileType = sourcecode.c.h; path = AppDelegate.h; sourceTree = "<group>"; };
		D156117B1CEB0B1100BA83BC /* AppDelegate.m */ = {isa = PBXFileReference; fileEncoding = 4; lastKnownFileType = sourcecode.c.objc; path = AppDelegate.m; sourceTree = "<group>"; };
		D156117D1CEB0B1100BA83BC /* main.m */ = {isa = PBXFileReference; fileEncoding = 4; lastKnownFileType = sourcecode.c.objc; path = main.m; sourceTree = "<group>"; };
		D15611851CEB0BA600BA83BC /* SYAEssenceViewController.h */ = {isa = PBXFileReference; fileEncoding = 4; lastKnownFileType = sourcecode.c.h; path = SYAEssenceViewController.h; sourceTree = "<group>"; };
		D15611861CEB0BA600BA83BC /* SYAEssenceViewController.m */ = {isa = PBXFileReference; fileEncoding = 4; lastKnownFileType = sourcecode.c.objc; path = SYAEssenceViewController.m; sourceTree = "<group>"; };
		D15611881CEB0BBB00BA83BC /* SYAFriendTrendViewController.h */ = {isa = PBXFileReference; fileEncoding = 4; lastKnownFileType = sourcecode.c.h; path = SYAFriendTrendViewController.h; sourceTree = "<group>"; };
		D15611891CEB0BBB00BA83BC /* SYAFriendTrendViewController.m */ = {isa = PBXFileReference; fileEncoding = 4; lastKnownFileType = sourcecode.c.objc; path = SYAFriendTrendViewController.m; sourceTree = "<group>"; };
		D156118B1CEB0BCA00BA83BC /* SYAMeViewController.h */ = {isa = PBXFileReference; fileEncoding = 4; lastKnownFileType = sourcecode.c.h; path = SYAMeViewController.h; sourceTree = "<group>"; };
		D156118C1CEB0BCA00BA83BC /* SYAMeViewController.m */ = {isa = PBXFileReference; fileEncoding = 4; lastKnownFileType = sourcecode.c.objc; path = SYAMeViewController.m; sourceTree = "<group>"; };
		D156118E1CEB0BD900BA83BC /* SYANewViewController.h */ = {isa = PBXFileReference; fileEncoding = 4; lastKnownFileType = sourcecode.c.h; path = SYANewViewController.h; sourceTree = "<group>"; };
		D156118F1CEB0BD900BA83BC /* SYANewViewController.m */ = {isa = PBXFileReference; fileEncoding = 4; lastKnownFileType = sourcecode.c.objc; path = SYANewViewController.m; sourceTree = "<group>"; };
		D15611911CEB0BFA00BA83BC /* SYAPublishViewController.h */ = {isa = PBXFileReference; fileEncoding = 4; lastKnownFileType = sourcecode.c.h; path = SYAPublishViewController.h; sourceTree = "<group>"; };
		D15611921CEB0BFA00BA83BC /* SYAPublishViewController.m */ = {isa = PBXFileReference; fileEncoding = 4; lastKnownFileType = sourcecode.c.objc; path = SYAPublishViewController.m; sourceTree = "<group>"; };
		D15611941CEB0C2400BA83BC /* SYAMainViewController.h */ = {isa = PBXFileReference; fileEncoding = 4; lastKnownFileType = sourcecode.c.h; path = SYAMainViewController.h; sourceTree = "<group>"; };
		D15611951CEB0C2400BA83BC /* SYAMainViewController.m */ = {isa = PBXFileReference; fileEncoding = 4; lastKnownFileType = sourcecode.c.objc; path = SYAMainViewController.m; sourceTree = "<group>"; };
		D15611971CEB0F1600BA83BC /* SYANavViewController.h */ = {isa = PBXFileReference; fileEncoding = 4; lastKnownFileType = sourcecode.c.h; path = SYANavViewController.h; sourceTree = "<group>"; };
		D15611981CEB0F1600BA83BC /* SYANavViewController.m */ = {isa = PBXFileReference; fileEncoding = 4; lastKnownFileType = sourcecode.c.objc; path = SYANavViewController.m; sourceTree = "<group>"; };
		D156119A1CEB159E00BA83BC /* UIImage+SYAImage.h */ = {isa = PBXFileReference; fileEncoding = 4; lastKnownFileType = sourcecode.c.h; path = "UIImage+SYAImage.h"; sourceTree = "<group>"; };
		D156119B1CEB159E00BA83BC /* UIImage+SYAImage.m */ = {isa = PBXFileReference; fileEncoding = 4; lastKnownFileType = sourcecode.c.objc; path = "UIImage+SYAImage.m"; sourceTree = "<group>"; };
		D156119D1CEB1A7800BA83BC /* SYATabBar.h */ = {isa = PBXFileReference; fileEncoding = 4; lastKnownFileType = sourcecode.c.h; path = SYATabBar.h; sourceTree = "<group>"; };
		D156119E1CEB1A7800BA83BC /* SYATabBar.m */ = {isa = PBXFileReference; fileEncoding = 4; lastKnownFileType = sourcecode.c.objc; path = SYATabBar.m; sourceTree = "<group>"; };
		D15611A01CEB1DEA00BA83BC /* FML.pch */ = {isa = PBXFileReference; lastKnownFileType = sourcecode.c.h; path = FML.pch; sourceTree = "<group>"; };
		D15611A11CEB1EFB00BA83BC /* UIView+SYAFrame.h */ = {isa = PBXFileReference; fileEncoding = 4; lastKnownFileType = sourcecode.c.h; path = "UIView+SYAFrame.h"; sourceTree = "<group>"; };
		D15611A21CEB1EFB00BA83BC /* UIView+SYAFrame.m */ = {isa = PBXFileReference; fileEncoding = 4; lastKnownFileType = sourcecode.c.objc; path = "UIView+SYAFrame.m"; sourceTree = "<group>"; };
		D15611A41CEB3A1300BA83BC /* UIBarButtonItem+SYABarButtonItem.h */ = {isa = PBXFileReference; fileEncoding = 4; lastKnownFileType = sourcecode.c.h; path = "UIBarButtonItem+SYABarButtonItem.h"; sourceTree = "<group>"; };
		D15611A51CEB3A1300BA83BC /* UIBarButtonItem+SYABarButtonItem.m */ = {isa = PBXFileReference; fileEncoding = 4; lastKnownFileType = sourcecode.c.objc; path = "UIBarButtonItem+SYABarButtonItem.m"; sourceTree = "<group>"; };
		D15611AB1CEB501800BA83BC /* SYASettingViewController.h */ = {isa = PBXFileReference; fileEncoding = 4; lastKnownFileType = sourcecode.c.h; path = SYASettingViewController.h; sourceTree = "<group>"; };
		D15611AC1CEB501800BA83BC /* SYASettingViewController.m */ = {isa = PBXFileReference; fileEncoding = 4; lastKnownFileType = sourcecode.c.objc; path = SYASettingViewController.m; sourceTree = "<group>"; };
		D16BDA3D1CE6EE59004BD6B8 /* FML.app */ = {isa = PBXFileReference; explicitFileType = wrapper.application; includeInIndex = 0; path = FML.app; sourceTree = BUILT_PRODUCTS_DIR; };
		D16BDA4C1CE6EE59004BD6B8 /* Assets.xcassets */ = {isa = PBXFileReference; lastKnownFileType = folder.assetcatalog; path = Assets.xcassets; sourceTree = "<group>"; };
		D16BDA4F1CE6EE59004BD6B8 /* Base */ = {isa = PBXFileReference; lastKnownFileType = file.storyboard; name = Base; path = Base.lproj/LaunchScreen.storyboard; sourceTree = "<group>"; };
		D16BDA511CE6EE59004BD6B8 /* Info.plist */ = {isa = PBXFileReference; lastKnownFileType = text.plist.xml; path = Info.plist; sourceTree = "<group>"; };
		D1B6B6E61CECAE130073147B /* LaunchImage-568h@2x.png */ = {isa = PBXFileReference; lastKnownFileType = image.png; path = "LaunchImage-568h@2x.png"; sourceTree = "<group>"; };
		D1B6B6E71CECAE130073147B /* LaunchImage-700-568h@2x.png */ = {isa = PBXFileReference; lastKnownFileType = image.png; path = "LaunchImage-700-568h@2x.png"; sourceTree = "<group>"; };
		D1B6B6E81CECAE130073147B /* LaunchImage-700@2x.png */ = {isa = PBXFileReference; lastKnownFileType = image.png; path = "LaunchImage-700@2x.png"; sourceTree = "<group>"; };
		D1B6B6E91CECAE130073147B /* LaunchImage-800-667h@2x.png */ = {isa = PBXFileReference; lastKnownFileType = image.png; path = "LaunchImage-800-667h@2x.png"; sourceTree = "<group>"; };
		D1B6B6EA1CECAE130073147B /* LaunchImage-800-Portrait-736h@3x.png */ = {isa = PBXFileReference; lastKnownFileType = image.png; path = "LaunchImage-800-Portrait-736h@3x.png"; sourceTree = "<group>"; };
		D1B6B6EB1CECAE130073147B /* LaunchImage.png */ = {isa = PBXFileReference; lastKnownFileType = image.png; path = LaunchImage.png; sourceTree = "<group>"; };
		D1B6B6EC1CECAE130073147B /* LaunchImage@2x.png */ = {isa = PBXFileReference; lastKnownFileType = image.png; path = "LaunchImage@2x.png"; sourceTree = "<group>"; };
		D1B6B6F61CECAE3A0073147B /* SYAADViewController.h */ = {isa = PBXFileReference; fileEncoding = 4; lastKnownFileType = sourcecode.c.h; path = SYAADViewController.h; sourceTree = "<group>"; };
		D1B6B6F71CECAE3A0073147B /* SYAADViewController.m */ = {isa = PBXFileReference; fileEncoding = 4; lastKnownFileType = sourcecode.c.objc; path = SYAADViewController.m; sourceTree = "<group>"; };
		D1B6B6F81CECAE3A0073147B /* SYAADViewController.xib */ = {isa = PBXFileReference; fileEncoding = 4; lastKnownFileType = file.xib; path = SYAADViewController.xib; sourceTree = "<group>"; };
		D1DB83D71CECB86B000B8308 /* SYANetWorkTool.h */ = {isa = PBXFileReference; fileEncoding = 4; lastKnownFileType = sourcecode.c.h; path = SYANetWorkTool.h; sourceTree = "<group>"; };
		D1DB83D81CECB86B000B8308 /* SYANetWorkTool.m */ = {isa = PBXFileReference; fileEncoding = 4; lastKnownFileType = sourcecode.c.objc; path = SYANetWorkTool.m; sourceTree = "<group>"; };
		D1DB83DA1CECC07E000B8308 /* SYAADItem.h */ = {isa = PBXFileReference; fileEncoding = 4; lastKnownFileType = sourcecode.c.h; path = SYAADItem.h; sourceTree = "<group>"; };
		D1DB83DB1CECC07E000B8308 /* SYAADItem.m */ = {isa = PBXFileReference; fileEncoding = 4; lastKnownFileType = sourcecode.c.objc; path = SYAADItem.m; sourceTree = "<group>"; };
		FFC6952AD205A0CCA6A3EE54 /* Pods.release.xcconfig */ = {isa = PBXFileReference; includeInIndex = 1; lastKnownFileType = text.xcconfig; name = Pods.release.xcconfig; path = "Pods/Target Support Files/Pods/Pods.release.xcconfig"; sourceTree = "<group>"; };
/* End PBXFileReference section */

/* Begin PBXFrameworksBuildPhase section */
		D16BDA3A1CE6EE59004BD6B8 /* Frameworks */ = {
			isa = PBXFrameworksBuildPhase;
			buildActionMask = 2147483647;
			files = (
				17AF62028F114A667DA4226E /* libPods.a in Frameworks */,
			);
			runOnlyForDeploymentPostprocessing = 0;
		};
/* End PBXFrameworksBuildPhase section */

/* Begin PBXGroup section */
		04DF011B63784FDEEEF8296A /* Pods */ = {
			isa = PBXGroup;
			children = (
				3BFACED1F87781CC4930CD34 /* Pods.debug.xcconfig */,
				FFC6952AD205A0CCA6A3EE54 /* Pods.release.xcconfig */,
			);
			name = Pods;
			sourceTree = "<group>";
		};
		4FCDE0AFBD3C0DB0E0DB307B /* Frameworks */ = {
			isa = PBXGroup;
			children = (
				78CE24208486EB7806E7E21D /* libPods.a */,
			);
			name = Frameworks;
			sourceTree = "<group>";
		};
		D105F0481CEDBC1F00185AE8 /* SYASubTagViewController */ = {
			isa = PBXGroup;
			children = (
				D105F0491CEDBC5100185AE8 /* SYASubTagViewController.h */,
				D105F04A1CEDBC5100185AE8 /* SYASubTagViewController.m */,
			);
			path = SYASubTagViewController;
			sourceTree = "<group>";
		};
		D15611641CEB0B1100BA83BC /* Classes */ = {
			isa = PBXGroup;
			children = (
				D1B6B6E31CECAE130073147B /* AD(广告) */,
				D15611A71CEB4FDF00BA83BC /* Setting(设置) */,
				D15611821CEB0B1100BA83BC /* Tools */,
				D156116D1CEB0B1100BA83BC /* Main */,
				D15611651CEB0B1100BA83BC /* Essence(精华) */,
				D15611691CEB0B1100BA83BC /* FriendTrend(关注) */,
				D15611711CEB0B1100BA83BC /* Me(我) */,
				D15611751CEB0B1100BA83BC /* New(新帖) */,
				D156117E1CEB0B1100BA83BC /* Publish(发布) */,
				D15611791CEB0B1100BA83BC /* Other */,
			);
			path = Classes;
			sourceTree = "<group>";
		};
		D15611651CEB0B1100BA83BC /* Essence(精华) */ = {
			isa = PBXGroup;
			children = (
				D15611661CEB0B1100BA83BC /* Controller */,
				D15611671CEB0B1100BA83BC /* Model */,
				D15611681CEB0B1100BA83BC /* View */,
			);
			path = "Essence(精华)";
			sourceTree = "<group>";
		};
		D15611661CEB0B1100BA83BC /* Controller */ = {
			isa = PBXGroup;
			children = (
				D15611851CEB0BA600BA83BC /* SYAEssenceViewController.h */,
				D15611861CEB0BA600BA83BC /* SYAEssenceViewController.m */,
			);
			path = Controller;
			sourceTree = "<group>";
		};
		D15611671CEB0B1100BA83BC /* Model */ = {
			isa = PBXGroup;
			children = (
			);
			path = Model;
			sourceTree = "<group>";
		};
		D15611681CEB0B1100BA83BC /* View */ = {
			isa = PBXGroup;
			children = (
			);
			path = View;
			sourceTree = "<group>";
		};
		D15611691CEB0B1100BA83BC /* FriendTrend(关注) */ = {
			isa = PBXGroup;
			children = (
				D156116A1CEB0B1100BA83BC /* Controller */,
				D156116B1CEB0B1100BA83BC /* Model */,
				D156116C1CEB0B1100BA83BC /* View */,
			);
			path = "FriendTrend(关注)";
			sourceTree = "<group>";
		};
		D156116A1CEB0B1100BA83BC /* Controller */ = {
			isa = PBXGroup;
			children = (
				D15611881CEB0BBB00BA83BC /* SYAFriendTrendViewController.h */,
				D15611891CEB0BBB00BA83BC /* SYAFriendTrendViewController.m */,
			);
			path = Controller;
			sourceTree = "<group>";
		};
		D156116B1CEB0B1100BA83BC /* Model */ = {
			isa = PBXGroup;
			children = (
			);
			path = Model;
			sourceTree = "<group>";
		};
		D156116C1CEB0B1100BA83BC /* View */ = {
			isa = PBXGroup;
			children = (
			);
			path = View;
			sourceTree = "<group>";
		};
		D156116D1CEB0B1100BA83BC /* Main */ = {
			isa = PBXGroup;
			children = (
				D156116E1CEB0B1100BA83BC /* Controller */,
				D156116F1CEB0B1100BA83BC /* Model */,
				D15611701CEB0B1100BA83BC /* View */,
			);
			path = Main;
			sourceTree = "<group>";
		};
		D156116E1CEB0B1100BA83BC /* Controller */ = {
			isa = PBXGroup;
			children = (
				D15611941CEB0C2400BA83BC /* SYAMainViewController.h */,
				D15611951CEB0C2400BA83BC /* SYAMainViewController.m */,
				D15611971CEB0F1600BA83BC /* SYANavViewController.h */,
				D15611981CEB0F1600BA83BC /* SYANavViewController.m */,
			);
			path = Controller;
			sourceTree = "<group>";
		};
		D156116F1CEB0B1100BA83BC /* Model */ = {
			isa = PBXGroup;
			children = (
			);
			path = Model;
			sourceTree = "<group>";
		};
		D15611701CEB0B1100BA83BC /* View */ = {
			isa = PBXGroup;
			children = (
				D156119D1CEB1A7800BA83BC /* SYATabBar.h */,
				D156119E1CEB1A7800BA83BC /* SYATabBar.m */,
			);
			path = View;
			sourceTree = "<group>";
		};
		D15611711CEB0B1100BA83BC /* Me(我) */ = {
			isa = PBXGroup;
			children = (
				D15611721CEB0B1100BA83BC /* Controller */,
				D15611731CEB0B1100BA83BC /* Model */,
				D15611741CEB0B1100BA83BC /* View */,
			);
			path = "Me(我)";
			sourceTree = "<group>";
		};
		D15611721CEB0B1100BA83BC /* Controller */ = {
			isa = PBXGroup;
			children = (
				D156118B1CEB0BCA00BA83BC /* SYAMeViewController.h */,
				D156118C1CEB0BCA00BA83BC /* SYAMeViewController.m */,
			);
			path = Controller;
			sourceTree = "<group>";
		};
		D15611731CEB0B1100BA83BC /* Model */ = {
			isa = PBXGroup;
			children = (
			);
			path = Model;
			sourceTree = "<group>";
		};
		D15611741CEB0B1100BA83BC /* View */ = {
			isa = PBXGroup;
			children = (
			);
			path = View;
			sourceTree = "<group>";
		};
		D15611751CEB0B1100BA83BC /* New(新帖) */ = {
			isa = PBXGroup;
			children = (
				D15611761CEB0B1100BA83BC /* Controller */,
				D15611771CEB0B1100BA83BC /* Model */,
				D15611781CEB0B1100BA83BC /* View */,
			);
			path = "New(新帖)";
			sourceTree = "<group>";
		};
		D15611761CEB0B1100BA83BC /* Controller */ = {
			isa = PBXGroup;
			children = (
				D105F0481CEDBC1F00185AE8 /* SYASubTagViewController */,
				D156118E1CEB0BD900BA83BC /* SYANewViewController.h */,
				D156118F1CEB0BD900BA83BC /* SYANewViewController.m */,
			);
			path = Controller;
			sourceTree = "<group>";
		};
		D15611771CEB0B1100BA83BC /* Model */ = {
			isa = PBXGroup;
			children = (
				D105F04C1CEDBEC400185AE8 /* SYASubTagItem.h */,
				D105F04D1CEDBEC400185AE8 /* SYASubTagItem.m */,
			);
			path = Model;
			sourceTree = "<group>";
		};
		D15611781CEB0B1100BA83BC /* View */ = {
			isa = PBXGroup;
			children = (
				D105F04F1CEDCD2C00185AE8 /* SYASubTagCell.h */,
				D105F0501CEDCD2C00185AE8 /* SYASubTagCell.m */,
				D105F0511CEDCD2C00185AE8 /* SYASubTagCell.xib */,
			);
			path = View;
			sourceTree = "<group>";
		};
		D15611791CEB0B1100BA83BC /* Other */ = {
			isa = PBXGroup;
			children = (
				D156117A1CEB0B1100BA83BC /* AppDelegate.h */,
				D156117B1CEB0B1100BA83BC /* AppDelegate.m */,
				D156117C1CEB0B1100BA83BC /* Category */,
				D156117D1CEB0B1100BA83BC /* main.m */,
				D15611A01CEB1DEA00BA83BC /* FML.pch */,
			);
			path = Other;
			sourceTree = "<group>";
		};
		D156117C1CEB0B1100BA83BC /* Category */ = {
			isa = PBXGroup;
			children = (
				D156119A1CEB159E00BA83BC /* UIImage+SYAImage.h */,
				D156119B1CEB159E00BA83BC /* UIImage+SYAImage.m */,
				D15611A11CEB1EFB00BA83BC /* UIView+SYAFrame.h */,
				D15611A21CEB1EFB00BA83BC /* UIView+SYAFrame.m */,
				D15611A41CEB3A1300BA83BC /* UIBarButtonItem+SYABarButtonItem.h */,
				D15611A51CEB3A1300BA83BC /* UIBarButtonItem+SYABarButtonItem.m */,
				D105F0541CEDD7D900185AE8 /* UIColor+Hex.h */,
				D105F0551CEDD7D900185AE8 /* UIColor+Hex.m */,
			);
			path = Category;
			sourceTree = "<group>";
		};
		D156117E1CEB0B1100BA83BC /* Publish(发布) */ = {
			isa = PBXGroup;
			children = (
				D156117F1CEB0B1100BA83BC /* Controller */,
				D15611801CEB0B1100BA83BC /* Model */,
				D15611811CEB0B1100BA83BC /* View */,
			);
			path = "Publish(发布)";
			sourceTree = "<group>";
		};
		D156117F1CEB0B1100BA83BC /* Controller */ = {
			isa = PBXGroup;
			children = (
				D15611911CEB0BFA00BA83BC /* SYAPublishViewController.h */,
				D15611921CEB0BFA00BA83BC /* SYAPublishViewController.m */,
			);
			path = Controller;
			sourceTree = "<group>";
		};
		D15611801CEB0B1100BA83BC /* Model */ = {
			isa = PBXGroup;
			children = (
			);
			path = Model;
			sourceTree = "<group>";
		};
		D15611811CEB0B1100BA83BC /* View */ = {
			isa = PBXGroup;
			children = (
			);
			path = View;
			sourceTree = "<group>";
		};
		D15611821CEB0B1100BA83BC /* Tools */ = {
			isa = PBXGroup;
			children = (
				D1DB83D71CECB86B000B8308 /* SYANetWorkTool.h */,
				D1DB83D81CECB86B000B8308 /* SYANetWorkTool.m */,
			);
			path = Tools;
			sourceTree = "<group>";
		};
		D15611A71CEB4FDF00BA83BC /* Setting(设置) */ = {
			isa = PBXGroup;
			children = (
				D15611A81CEB4FDF00BA83BC /* Controller */,
				D15611A91CEB4FDF00BA83BC /* Model */,
				D15611AA1CEB4FDF00BA83BC /* View */,
			);
			path = "Setting(设置)";
			sourceTree = "<group>";
		};
		D15611A81CEB4FDF00BA83BC /* Controller */ = {
			isa = PBXGroup;
			children = (
				D15611AB1CEB501800BA83BC /* SYASettingViewController.h */,
				D15611AC1CEB501800BA83BC /* SYASettingViewController.m */,
			);
			path = Controller;
			sourceTree = "<group>";
		};
		D15611A91CEB4FDF00BA83BC /* Model */ = {
			isa = PBXGroup;
			children = (
			);
			path = Model;
			sourceTree = "<group>";
		};
		D15611AA1CEB4FDF00BA83BC /* View */ = {
			isa = PBXGroup;
			children = (
			);
			path = View;
			sourceTree = "<group>";
		};
		D16BDA341CE6EE59004BD6B8 = {
			isa = PBXGroup;
			children = (
				D16BDA3F1CE6EE59004BD6B8 /* FML */,
				D16BDA3E1CE6EE59004BD6B8 /* Products */,
				04DF011B63784FDEEEF8296A /* Pods */,
				4FCDE0AFBD3C0DB0E0DB307B /* Frameworks */,
			);
			sourceTree = "<group>";
		};
		D16BDA3E1CE6EE59004BD6B8 /* Products */ = {
			isa = PBXGroup;
			children = (
				D16BDA3D1CE6EE59004BD6B8 /* FML.app */,
			);
			name = Products;
			sourceTree = "<group>";
		};
		D16BDA3F1CE6EE59004BD6B8 /* FML */ = {
			isa = PBXGroup;
			children = (
				D15611641CEB0B1100BA83BC /* Classes */,
				D16BDA4C1CE6EE59004BD6B8 /* Assets.xcassets */,
				D16BDA4E1CE6EE59004BD6B8 /* LaunchScreen.storyboard */,
				D16BDA511CE6EE59004BD6B8 /* Info.plist */,
				D16BDA401CE6EE59004BD6B8 /* Supporting Files */,
			);
			path = FML;
			sourceTree = "<group>";
		};
		D16BDA401CE6EE59004BD6B8 /* Supporting Files */ = {
			isa = PBXGroup;
			children = (
			);
			name = "Supporting Files";
			sourceTree = "<group>";
		};
		D1B6B6E31CECAE130073147B /* AD(广告) */ = {
			isa = PBXGroup;
			children = (
				D1B6B6E41CECAE130073147B /* Controller */,
				D1B6B6ED1CECAE130073147B /* Model */,
				D1B6B6EE1CECAE140073147B /* View */,
			);
			path = "AD(广告)";
			sourceTree = "<group>";
		};
		D1B6B6E41CECAE130073147B /* Controller */ = {
			isa = PBXGroup;
			children = (
				D1B6B6E51CECAE130073147B /* 启动图片 */,
				D1B6B6F61CECAE3A0073147B /* SYAADViewController.h */,
				D1B6B6F71CECAE3A0073147B /* SYAADViewController.m */,
				D1B6B6F81CECAE3A0073147B /* SYAADViewController.xib */,
			);
			path = Controller;
			sourceTree = "<group>";
		};
		D1B6B6E51CECAE130073147B /* 启动图片 */ = {
			isa = PBXGroup;
			children = (
				D1B6B6E61CECAE130073147B /* LaunchImage-568h@2x.png */,
				D1B6B6E71CECAE130073147B /* LaunchImage-700-568h@2x.png */,
				D1B6B6E81CECAE130073147B /* LaunchImage-700@2x.png */,
				D1B6B6E91CECAE130073147B /* LaunchImage-800-667h@2x.png */,
				D1B6B6EA1CECAE130073147B /* LaunchImage-800-Portrait-736h@3x.png */,
				D1B6B6EB1CECAE130073147B /* LaunchImage.png */,
				D1B6B6EC1CECAE130073147B /* LaunchImage@2x.png */,
			);
			path = "启动图片";
			sourceTree = "<group>";
		};
		D1B6B6ED1CECAE130073147B /* Model */ = {
			isa = PBXGroup;
			children = (
				D1DB83DA1CECC07E000B8308 /* SYAADItem.h */,
				D1DB83DB1CECC07E000B8308 /* SYAADItem.m */,
			);
			path = Model;
			sourceTree = "<group>";
		};
		D1B6B6EE1CECAE140073147B /* View */ = {
			isa = PBXGroup;
			children = (
			);
			path = View;
			sourceTree = "<group>";
		};
/* End PBXGroup section */

/* Begin PBXNativeTarget section */
		D16BDA3C1CE6EE59004BD6B8 /* FML */ = {
			isa = PBXNativeTarget;
			buildConfigurationList = D16BDA541CE6EE59004BD6B8 /* Build configuration list for PBXNativeTarget "FML" */;
			buildPhases = (
				31DBA247B07965D3C2203D27 /* Check Pods Manifest.lock */,
				D16BDA391CE6EE59004BD6B8 /* Sources */,
				D16BDA3A1CE6EE59004BD6B8 /* Frameworks */,
				D16BDA3B1CE6EE59004BD6B8 /* Resources */,
				09503EF0F1F23DAB199E5873 /* Embed Pods Frameworks */,
				18102D58F7AC883ECD77EB51 /* Copy Pods Resources */,
			);
			buildRules = (
			);
			dependencies = (
			);
			name = FML;
			productName = FML;
			productReference = D16BDA3D1CE6EE59004BD6B8 /* FML.app */;
			productType = "com.apple.product-type.application";
		};
/* End PBXNativeTarget section */

/* Begin PBXProject section */
		D16BDA351CE6EE59004BD6B8 /* Project object */ = {
			isa = PBXProject;
			attributes = {
				CLASSPREFIX = SYA;
				LastUpgradeCheck = 0720;
				ORGANIZATIONNAME = zengqiang;
				TargetAttributes = {
					D16BDA3C1CE6EE59004BD6B8 = {
						CreatedOnToolsVersion = 7.2;
					};
				};
			};
			buildConfigurationList = D16BDA381CE6EE59004BD6B8 /* Build configuration list for PBXProject "FML" */;
			compatibilityVersion = "Xcode 3.2";
			developmentRegion = English;
			hasScannedForEncodings = 0;
			knownRegions = (
				en,
				Base,
			);
			mainGroup = D16BDA341CE6EE59004BD6B8;
			productRefGroup = D16BDA3E1CE6EE59004BD6B8 /* Products */;
			projectDirPath = "";
			projectRoot = "";
			targets = (
				D16BDA3C1CE6EE59004BD6B8 /* FML */,
			);
		};
/* End PBXProject section */

/* Begin PBXResourcesBuildPhase section */
		D16BDA3B1CE6EE59004BD6B8 /* Resources */ = {
			isa = PBXResourcesBuildPhase;
			buildActionMask = 2147483647;
			files = (
				D1B6B6F41CECAE140073147B /* LaunchImage.png in Resources */,
				D105F0531CEDCD2C00185AE8 /* SYASubTagCell.xib in Resources */,
				D1B6B6F51CECAE140073147B /* LaunchImage@2x.png in Resources */,
				D16BDA501CE6EE59004BD6B8 /* LaunchScreen.storyboard in Resources */,
				D1B6B6F21CECAE140073147B /* LaunchImage-800-667h@2x.png in Resources */,
				D1B6B6EF1CECAE140073147B /* LaunchImage-568h@2x.png in Resources */,
				D1B6B6F11CECAE140073147B /* LaunchImage-700@2x.png in Resources */,
				D1B6B6F01CECAE140073147B /* LaunchImage-700-568h@2x.png in Resources */,
				D16BDA4D1CE6EE59004BD6B8 /* Assets.xcassets in Resources */,
				D1B6B6F31CECAE140073147B /* LaunchImage-800-Portrait-736h@3x.png in Resources */,
				D1B6B6FA1CECAE3A0073147B /* SYAADViewController.xib in Resources */,
			);
			runOnlyForDeploymentPostprocessing = 0;
		};
/* End PBXResourcesBuildPhase section */

/* Begin PBXShellScriptBuildPhase section */
		09503EF0F1F23DAB199E5873 /* Embed Pods Frameworks */ = {
			isa = PBXShellScriptBuildPhase;
			buildActionMask = 2147483647;
			files = (
			);
			inputPaths = (
			);
			name = "Embed Pods Frameworks";
			outputPaths = (
			);
			runOnlyForDeploymentPostprocessing = 0;
			shellPath = /bin/sh;
			shellScript = "\"${SRCROOT}/Pods/Target Support Files/Pods/Pods-frameworks.sh\"\n";
			showEnvVarsInLog = 0;
		};
		18102D58F7AC883ECD77EB51 /* Copy Pods Resources */ = {
			isa = PBXShellScriptBuildPhase;
			buildActionMask = 2147483647;
			files = (
			);
			inputPaths = (
			);
			name = "Copy Pods Resources";
			outputPaths = (
			);
			runOnlyForDeploymentPostprocessing = 0;
			shellPath = /bin/sh;
			shellScript = "\"${SRCROOT}/Pods/Target Support Files/Pods/Pods-resources.sh\"\n";
			showEnvVarsInLog = 0;
		};
		31DBA247B07965D3C2203D27 /* Check Pods Manifest.lock */ = {
			isa = PBXShellScriptBuildPhase;
			buildActionMask = 2147483647;
			files = (
			);
			inputPaths = (
			);
			name = "Check Pods Manifest.lock";
			outputPaths = (
			);
			runOnlyForDeploymentPostprocessing = 0;
			shellPath = /bin/sh;
			shellScript = "diff \"${PODS_ROOT}/../Podfile.lock\" \"${PODS_ROOT}/Manifest.lock\" > /dev/null\nif [[ $? != 0 ]] ; then\n    cat << EOM\nerror: The sandbox is not in sync with the Podfile.lock. Run 'pod install' or update your CocoaPods installation.\nEOM\n    exit 1\nfi\n";
			showEnvVarsInLog = 0;
		};
/* End PBXShellScriptBuildPhase section */

/* Begin PBXSourcesBuildPhase section */
		D16BDA391CE6EE59004BD6B8 /* Sources */ = {
			isa = PBXSourcesBuildPhase;
			buildActionMask = 2147483647;
			files = (
				D1DB83D91CECB86B000B8308 /* SYANetWorkTool.m in Sources */,
				D105F0521CEDCD2C00185AE8 /* SYASubTagCell.m in Sources */,
				D1DB83DC1CECC07E000B8308 /* SYAADItem.m in Sources */,
				D105F04E1CEDBEC400185AE8 /* SYASubTagItem.m in Sources */,
				D105F0561CEDD7D900185AE8 /* UIColor+Hex.m in Sources */,
				D15611991CEB0F1600BA83BC /* SYANavViewController.m in Sources */,
				D15611871CEB0BA600BA83BC /* SYAEssenceViewController.m in Sources */,
				D15611841CEB0B1100BA83BC /* main.m in Sources */,
				D156119C1CEB159E00BA83BC /* UIImage+SYAImage.m in Sources */,
				D15611A31CEB1EFB00BA83BC /* UIView+SYAFrame.m in Sources */,
				D15611931CEB0BFA00BA83BC /* SYAPublishViewController.m in Sources */,
				D15611961CEB0C2400BA83BC /* SYAMainViewController.m in Sources */,
				D156118A1CEB0BBB00BA83BC /* SYAFriendTrendViewController.m in Sources */,
				D156119F1CEB1A7800BA83BC /* SYATabBar.m in Sources */,
				D1B6B6F91CECAE3A0073147B /* SYAADViewController.m in Sources */,
				D15611901CEB0BD900BA83BC /* SYANewViewController.m in Sources */,
				D15611A61CEB3A1300BA83BC /* UIBarButtonItem+SYABarButtonItem.m in Sources */,
				D105F04B1CEDBC5100185AE8 /* SYASubTagViewController.m in Sources */,
				D15611831CEB0B1100BA83BC /* AppDelegate.m in Sources */,
				D156118D1CEB0BCA00BA83BC /* SYAMeViewController.m in Sources */,
				D15611AD1CEB501800BA83BC /* SYASettingViewController.m in Sources */,
			);
			runOnlyForDeploymentPostprocessing = 0;
		};
/* End PBXSourcesBuildPhase section */

/* Begin PBXVariantGroup section */
		D16BDA4E1CE6EE59004BD6B8 /* LaunchScreen.storyboard */ = {
			isa = PBXVariantGroup;
			children = (
				D16BDA4F1CE6EE59004BD6B8 /* Base */,
			);
			name = LaunchScreen.storyboard;
			sourceTree = "<group>";
		};
/* End PBXVariantGroup section */

/* Begin XCBuildConfiguration section */
		D16BDA521CE6EE59004BD6B8 /* Debug */ = {
			isa = XCBuildConfiguration;
			buildSettings = {
				ALWAYS_SEARCH_USER_PATHS = NO;
				CLANG_CXX_LANGUAGE_STANDARD = "gnu++0x";
				CLANG_CXX_LIBRARY = "libc++";
				CLANG_ENABLE_MODULES = YES;
				CLANG_ENABLE_OBJC_ARC = YES;
				CLANG_WARN_BOOL_CONVERSION = YES;
				CLANG_WARN_CONSTANT_CONVERSION = YES;
				CLANG_WARN_DIRECT_OBJC_ISA_USAGE = YES_ERROR;
				CLANG_WARN_EMPTY_BODY = YES;
				CLANG_WARN_ENUM_CONVERSION = YES;
				CLANG_WARN_INT_CONVERSION = YES;
				CLANG_WARN_OBJC_ROOT_CLASS = YES_ERROR;
				CLANG_WARN_UNREACHABLE_CODE = YES;
				CLANG_WARN__DUPLICATE_METHOD_MATCH = YES;
				"CODE_SIGN_IDENTITY[sdk=iphoneos*]" = "iPhone Developer";
				COPY_PHASE_STRIP = NO;
				DEBUG_INFORMATION_FORMAT = dwarf;
				ENABLE_STRICT_OBJC_MSGSEND = YES;
				ENABLE_TESTABILITY = YES;
				GCC_C_LANGUAGE_STANDARD = gnu99;
				GCC_DYNAMIC_NO_PIC = NO;
				GCC_NO_COMMON_BLOCKS = YES;
				GCC_OPTIMIZATION_LEVEL = 0;
				GCC_PREPROCESSOR_DEFINITIONS = (
					"DEBUG=1",
					"$(inherited)",
				);
				GCC_WARN_64_TO_32_BIT_CONVERSION = YES;
				GCC_WARN_ABOUT_RETURN_TYPE = YES_ERROR;
				GCC_WARN_UNDECLARED_SELECTOR = YES;
				GCC_WARN_UNINITIALIZED_AUTOS = YES_AGGRESSIVE;
				GCC_WARN_UNUSED_FUNCTION = YES;
				GCC_WARN_UNUSED_VARIABLE = YES;
				IPHONEOS_DEPLOYMENT_TARGET = 9.2;
				MTL_ENABLE_DEBUG_INFO = YES;
				ONLY_ACTIVE_ARCH = YES;
				SDKROOT = iphoneos;
			};
			name = Debug;
		};
		D16BDA531CE6EE59004BD6B8 /* Release */ = {
			isa = XCBuildConfiguration;
			buildSettings = {
				ALWAYS_SEARCH_USER_PATHS = NO;
				CLANG_CXX_LANGUAGE_STANDARD = "gnu++0x";
				CLANG_CXX_LIBRARY = "libc++";
				CLANG_ENABLE_MODULES = YES;
				CLANG_ENABLE_OBJC_ARC = YES;
				CLANG_WARN_BOOL_CONVERSION = YES;
				CLANG_WARN_CONSTANT_CONVERSION = YES;
				CLANG_WARN_DIRECT_OBJC_ISA_USAGE = YES_ERROR;
				CLANG_WARN_EMPTY_BODY = YES;
				CLANG_WARN_ENUM_CONVERSION = YES;
				CLANG_WARN_INT_CONVERSION = YES;
				CLANG_WARN_OBJC_ROOT_CLASS = YES_ERROR;
				CLANG_WARN_UNREACHABLE_CODE = YES;
				CLANG_WARN__DUPLICATE_METHOD_MATCH = YES;
				"CODE_SIGN_IDENTITY[sdk=iphoneos*]" = "iPhone Developer";
				COPY_PHASE_STRIP = NO;
				DEBUG_INFORMATION_FORMAT = "dwarf-with-dsym";
				ENABLE_NS_ASSERTIONS = NO;
				ENABLE_STRICT_OBJC_MSGSEND = YES;
				GCC_C_LANGUAGE_STANDARD = gnu99;
				GCC_NO_COMMON_BLOCKS = YES;
				GCC_WARN_64_TO_32_BIT_CONVERSION = YES;
				GCC_WARN_ABOUT_RETURN_TYPE = YES_ERROR;
				GCC_WARN_UNDECLARED_SELECTOR = YES;
				GCC_WARN_UNINITIALIZED_AUTOS = YES_AGGRESSIVE;
				GCC_WARN_UNUSED_FUNCTION = YES;
				GCC_WARN_UNUSED_VARIABLE = YES;
				IPHONEOS_DEPLOYMENT_TARGET = 9.2;
				MTL_ENABLE_DEBUG_INFO = NO;
				SDKROOT = iphoneos;
				VALIDATE_PRODUCT = YES;
			};
			name = Release;
		};
		D16BDA551CE6EE59004BD6B8 /* Debug */ = {
			isa = XCBuildConfiguration;
			baseConfigurationReference = 3BFACED1F87781CC4930CD34 /* Pods.debug.xcconfig */;
			buildSettings = {
				ASSETCATALOG_COMPILER_APPICON_NAME = AppIcon;
				ASSETCATALOG_COMPILER_LAUNCHIMAGE_NAME = "Brand Assets";
				GCC_PREFIX_HEADER = FML/Classes/Other/FML.pch;
				INFOPLIST_FILE = FML/Info.plist;
				IPHONEOS_DEPLOYMENT_TARGET = 8.0;
				LD_RUNPATH_SEARCH_PATHS = "$(inherited) @executable_path/Frameworks";
				PRODUCT_BUNDLE_IDENTIFIER = com.SYA.FML;
				PRODUCT_NAME = "$(TARGET_NAME)";
			};
			name = Debug;
		};
		D16BDA561CE6EE59004BD6B8 /* Release */ = {
			isa = XCBuildConfiguration;
			baseConfigurationReference = FFC6952AD205A0CCA6A3EE54 /* Pods.release.xcconfig */;
			buildSettings = {
				ASSETCATALOG_COMPILER_APPICON_NAME = AppIcon;
				ASSETCATALOG_COMPILER_LAUNCHIMAGE_NAME = "Brand Assets";
				GCC_PREFIX_HEADER = FML/Classes/Other/FML.pch;
				INFOPLIST_FILE = FML/Info.plist;
				IPHONEOS_DEPLOYMENT_TARGET = 8.0;
				LD_RUNPATH_SEARCH_PATHS = "$(inherited) @executable_path/Frameworks";
				PRODUCT_BUNDLE_IDENTIFIER = com.SYA.FML;
				PRODUCT_NAME = "$(TARGET_NAME)";
			};
			name = Release;
		};
/* End XCBuildConfiguration section */

/* Begin XCConfigurationList section */
		D16BDA381CE6EE59004BD6B8 /* Build configuration list for PBXProject "FML" */ = {
			isa = XCConfigurationList;
			buildConfigurations = (
				D16BDA521CE6EE59004BD6B8 /* Debug */,
				D16BDA531CE6EE59004BD6B8 /* Release */,
			);
			defaultConfigurationIsVisible = 0;
			defaultConfigurationName = Release;
		};
		D16BDA541CE6EE59004BD6B8 /* Build configuration list for PBXNativeTarget "FML" */ = {
			isa = XCConfigurationList;
			buildConfigurations = (
				D16BDA551CE6EE59004BD6B8 /* Debug */,
				D16BDA561CE6EE59004BD6B8 /* Release */,
			);
			defaultConfigurationIsVisible = 0;
			defaultConfigurationName = Release;
		};
/* End XCConfigurationList section */
	};
	rootObject = D16BDA351CE6EE59004BD6B8 /* Project object */;
}
